
Microsoft Visual Studio Solution File, Format Version 12.00
# Visual Studio Version 17
VisualStudioVersion = 17.0.31912.275
MinimumVisualStudioVersion = 10.0.40219.1
Project("{FAE04EC0-301F-11D3-BF4B-00C04F79EFBC}") = "Teste", "Teste\Teste.csproj", "{6F9E78E6-8278-4C83-8942-3C84B0BB654D}"
EndProject
Project("{FAE04EC0-301F-11D3-BF4B-00C04F79EFBC}") = "Teste.UnitTests", "Teste.UnitTests\Teste.UnitTests.csproj", "{5FA9080C-D552-4D27-B8D8-8DD6A59EA583}"
EndProject
Global
	GlobalSection(SolutionConfigurationPlatforms) = preSolution
		Debug|Any CPU = Debug|Any CPU
		Release|Any CPU = Release|Any CPU
	EndGlobalSection
	GlobalSection(ProjectConfigurationPlatforms) = postSolution
		{6F9E78E6-8278-4C83-8942-3C84B0BB654D}.Debug|Any CPU.ActiveCfg = Debug|Any CPU
		{6F9E78E6-8278-4C83-8942-3C84B0BB654D}.Debug|Any CPU.Build.0 = Debug|Any CPU
		{6F9E78E6-8278-4C83-8942-3C84B0BB654D}.Release|Any CPU.ActiveCfg = Release|Any CPU
		{6F9E78E6-8278-4C83-8942-3C84B0BB654D}.Release|Any CPU.Build.0 = Release|Any CPU
		{5FA9080C-D552-4D27-B8D8-8DD6A59EA583}.Debug|Any CPU.ActiveCfg = Debug|Any CPU
		{5FA9080C-D552-4D27-B8D8-8DD6A59EA583}.Debug|Any CPU.Build.0 = Debug|Any CPU
		{5FA9080C-D552-4D27-B8D8-8DD6A59EA583}.Release|Any CPU.ActiveCfg = Release|Any CPU
		{5FA9080C-D552-4D27-B8D8-8DD6A59EA583}.Release|Any CPU.Build.0 = Release|Any CPU
	EndGlobalSection
	GlobalSection(SolutionProperties) = preSolution
		HideSolutionNode = FALSE
	EndGlobalSection
	GlobalSection(ExtensibilityGlobals) = postSolution
		SolutionGuid = {624500EB-809D-48E0-80D9-8D44B8D0D811}
	EndGlobalSection
EndGlobal
